{
  "object": {
    "pins": [
      {
        "package": "Alamofire",
        "repositoryURL": "https://github.com/alamofire/alamofire",
        "state": {
          "branch": null,
          "revision": "d120af1e8638c7da36c8481fd61a66c0c08dc4fc",
          "version": "5.4.4"
        }
      },
      {
        "package": "SDWebImage",
        "repositoryURL": "https://github.com/sdwebimage/sdwebimage",
        "state": {
          "branch": null,
          "revision": "6c6b951845a520fa7e8356e28adb5339c0f008d3",
          "version": "5.15.0"
        }
      }
    ]
  },
  "version": 1
}